// !$*UTF8*$!
{
	archiveVersion = 1;
	classes = {
	};
	objectVersion = 50;
	objects = {

/* Begin PBXBuildFile section */
		3B44EAA7268454650065C21C /* Stanford_CS193pApp.swift in Sources */ = {isa = PBXBuildFile; fileRef = 3B44EAA6268454650065C21C /* Stanford_CS193pApp.swift */; };
		3B44EAA9268454650065C21C /* ContentView.swift in Sources */ = {isa = PBXBuildFile; fileRef = 3B44EAA8268454650065C21C /* ContentView.swift */; };
		3B44EAAB268454670065C21C /* Assets.xcassets in Resources */ = {isa = PBXBuildFile; fileRef = 3B44EAAA268454670065C21C /* Assets.xcassets */; };
		3B44EAAE268454670065C21C /* Preview Assets.xcassets in Resources */ = {isa = PBXBuildFile; fileRef = 3B44EAAD268454670065C21C /* Preview Assets.xcassets */; };
		3B44EAB0268454670065C21C /* Persistence.swift in Sources */ = {isa = PBXBuildFile; fileRef = 3B44EAAF268454670065C21C /* Persistence.swift */; };
		3B44EAB3268454670065C21C /* Stanford_CS193p.xcdatamodeld in Sources */ = {isa = PBXBuildFile; fileRef = 3B44EAB1268454670065C21C /* Stanford_CS193p.xcdatamodeld */; };
		3B44EABE268454670065C21C /* Stanford_CS193pTests.swift in Sources */ = {isa = PBXBuildFile; fileRef = 3B44EABD268454670065C21C /* Stanford_CS193pTests.swift */; };
		3B44EAC9268454670065C21C /* Stanford_CS193pUITests.swift in Sources */ = {isa = PBXBuildFile; fileRef = 3B44EAC8268454670065C21C /* Stanford_CS193pUITests.swift */; };
		3B44EAD9268457AF0065C21C /* GameView.swift in Sources */ = {isa = PBXBuildFile; fileRef = 3B44EAD8268457AF0065C21C /* GameView.swift */; };
		3B44EADB26845D220065C21C /* CardView.swift in Sources */ = {isa = PBXBuildFile; fileRef = 3B44EADA26845D220065C21C /* CardView.swift */; };
		3B44EADD26845D7B0065C21C /* GridView.swift in Sources */ = {isa = PBXBuildFile; fileRef = 3B44EADC26845D7B0065C21C /* GridView.swift */; };
		438DEC9A2684F3E600AF9476 /* NSObject+emojiString.swift in Sources */ = {isa = PBXBuildFile; fileRef = 438DEC992684F3E600AF9476 /* NSObject+emojiString.swift */; };
/* End PBXBuildFile section */

/* Begin PBXContainerItemProxy section */
		3B44EABA268454670065C21C /* PBXContainerItemProxy */ = {
			isa = PBXContainerItemProxy;
			containerPortal = 3B44EA9B268454650065C21C /* Project object */;
			proxyType = 1;
			remoteGlobalIDString = 3B44EAA2268454650065C21C;
			remoteInfo = "Stanford-CS193p";
		};
		3B44EAC5268454670065C21C /* PBXContainerItemProxy */ = {
			isa = PBXContainerItemProxy;
			containerPortal = 3B44EA9B268454650065C21C /* Project object */;
			proxyType = 1;
			remoteGlobalIDString = 3B44EAA2268454650065C21C;
			remoteInfo = "Stanford-CS193p";
		};
/* End PBXContainerItemProxy section */

/* Begin PBXFileReference section */
		3B44EAA3268454650065C21C /* Stanford-CS193p.app */ = {isa = PBXFileReference; explicitFileType = wrapper.application; includeInIndex = 0; path = "Stanford-CS193p.app"; sourceTree = BUILT_PRODUCTS_DIR; };
		3B44EAA6268454650065C21C /* Stanford_CS193pApp.swift */ = {isa = PBXFileReference; lastKnownFileType = sourcecode.swift; path = Stanford_CS193pApp.swift; sourceTree = "<group>"; };
		3B44EAA8268454650065C21C /* ContentView.swift */ = {isa = PBXFileReference; lastKnownFileType = sourcecode.swift; path = ContentView.swift; sourceTree = "<group>"; };
		3B44EAAA268454670065C21C /* Assets.xcassets */ = {isa = PBXFileReference; lastKnownFileType = folder.assetcatalog; path = Assets.xcassets; sourceTree = "<group>"; };
		3B44EAAD268454670065C21C /* Preview Assets.xcassets */ = {isa = PBXFileReference; lastKnownFileType = folder.assetcatalog; path = "Preview Assets.xcassets"; sourceTree = "<group>"; };
		3B44EAAF268454670065C21C /* Persistence.swift */ = {isa = PBXFileReference; lastKnownFileType = sourcecode.swift; path = Persistence.swift; sourceTree = "<group>"; };
		3B44EAB2268454670065C21C /* Stanford_CS193p.xcdatamodel */ = {isa = PBXFileReference; lastKnownFileType = wrapper.xcdatamodel; path = Stanford_CS193p.xcdatamodel; sourceTree = "<group>"; };
		3B44EAB4268454670065C21C /* Info.plist */ = {isa = PBXFileReference; lastKnownFileType = text.plist.xml; path = Info.plist; sourceTree = "<group>"; };
		3B44EAB9268454670065C21C /* Stanford-CS193pTests.xctest */ = {isa = PBXFileReference; explicitFileType = wrapper.cfbundle; includeInIndex = 0; path = "Stanford-CS193pTests.xctest"; sourceTree = BUILT_PRODUCTS_DIR; };
		3B44EABD268454670065C21C /* Stanford_CS193pTests.swift */ = {isa = PBXFileReference; lastKnownFileType = sourcecode.swift; path = Stanford_CS193pTests.swift; sourceTree = "<group>"; };
		3B44EABF268454670065C21C /* Info.plist */ = {isa = PBXFileReference; lastKnownFileType = text.plist.xml; path = Info.plist; sourceTree = "<group>"; };
		3B44EAC4268454670065C21C /* Stanford-CS193pUITests.xctest */ = {isa = PBXFileReference; explicitFileType = wrapper.cfbundle; includeInIndex = 0; path = "Stanford-CS193pUITests.xctest"; sourceTree = BUILT_PRODUCTS_DIR; };
		3B44EAC8268454670065C21C /* Stanford_CS193pUITests.swift */ = {isa = PBXFileReference; lastKnownFileType = sourcecode.swift; path = Stanford_CS193pUITests.swift; sourceTree = "<group>"; };
		3B44EACA268454670065C21C /* Info.plist */ = {isa = PBXFileReference; lastKnownFileType = text.plist.xml; path = Info.plist; sourceTree = "<group>"; };
		3B44EAD8268457AF0065C21C /* GameView.swift */ = {isa = PBXFileReference; lastKnownFileType = sourcecode.swift; path = GameView.swift; sourceTree = "<group>"; };
		3B44EADA26845D220065C21C /* CardView.swift */ = {isa = PBXFileReference; lastKnownFileType = sourcecode.swift; path = CardView.swift; sourceTree = "<group>"; };
		3B44EADC26845D7B0065C21C /* GridView.swift */ = {isa = PBXFileReference; lastKnownFileType = sourcecode.swift; path = GridView.swift; sourceTree = "<group>"; };
		438DEC992684F3E600AF9476 /* NSObject+emojiString.swift */ = {isa = PBXFileReference; lastKnownFileType = sourcecode.swift; path = "NSObject+emojiString.swift"; sourceTree = "<group>"; };
/* End PBXFileReference section */

/* Begin PBXFrameworksBuildPhase section */
		3B44EAA0268454650065C21C /* Frameworks */ = {
			isa = PBXFrameworksBuildPhase;
			buildActionMask = 2147483647;
			files = (
			);
			runOnlyForDeploymentPostprocessing = 0;
		};
		3B44EAB6268454670065C21C /* Frameworks */ = {
			isa = PBXFrameworksBuildPhase;
			buildActionMask = 2147483647;
			files = (
			);
			runOnlyForDeploymentPostprocessing = 0;
		};
		3B44EAC1268454670065C21C /* Frameworks */ = {
			isa = PBXFrameworksBuildPhase;
			buildActionMask = 2147483647;
			files = (
			);
			runOnlyForDeploymentPostprocessing = 0;
		};
/* End PBXFrameworksBuildPhase section */

/* Begin PBXGroup section */
		3B44EA9A268454650065C21C = {
			isa = PBXGroup;
			children = (
				3B44EAA5268454650065C21C /* Stanford-CS193p */,
				3B44EABC268454670065C21C /* Stanford-CS193pTests */,
				3B44EAC7268454670065C21C /* Stanford-CS193pUITests */,
				3B44EAA4268454650065C21C /* Products */,
			);
			sourceTree = "<group>";
		};
		3B44EAA4268454650065C21C /* Products */ = {
			isa = PBXGroup;
			children = (
				3B44EAA3268454650065C21C /* Stanford-CS193p.app */,
				3B44EAB9268454670065C21C /* Stanford-CS193pTests.xctest */,
				3B44EAC4268454670065C21C /* Stanford-CS193pUITests.xctest */,
			);
			name = Products;
			sourceTree = "<group>";
		};
		3B44EAA5268454650065C21C /* Stanford-CS193p */ = {
			isa = PBXGroup;
			children = (
				438DEC982684F3D800AF9476 /* Helpers */,
				3B44EAD62684575A0065C21C /* Views */,
				3B44EAA6268454650065C21C /* Stanford_CS193pApp.swift */,
				3B44EAAA268454670065C21C /* Assets.xcassets */,
				3B44EAAF268454670065C21C /* Persistence.swift */,
				3B44EAB4268454670065C21C /* Info.plist */,
				3B44EAB1268454670065C21C /* Stanford_CS193p.xcdatamodeld */,
				3B44EAAC268454670065C21C /* Preview Content */,
			);
			path = "Stanford-CS193p";
			sourceTree = "<group>";
		};
		3B44EAAC268454670065C21C /* Preview Content */ = {
			isa = PBXGroup;
			children = (
				3B44EAAD268454670065C21C /* Preview Assets.xcassets */,
			);
			path = "Preview Content";
			sourceTree = "<group>";
		};
		3B44EABC268454670065C21C /* Stanford-CS193pTests */ = {
			isa = PBXGroup;
			children = (
				3B44EABD268454670065C21C /* Stanford_CS193pTests.swift */,
				3B44EABF268454670065C21C /* Info.plist */,
			);
			path = "Stanford-CS193pTests";
			sourceTree = "<group>";
		};
		3B44EAC7268454670065C21C /* Stanford-CS193pUITests */ = {
			isa = PBXGroup;
			children = (
				3B44EAC8268454670065C21C /* Stanford_CS193pUITests.swift */,
				3B44EACA268454670065C21C /* Info.plist */,
			);
			path = "Stanford-CS193pUITests";
			sourceTree = "<group>";
		};
		3B44EAD62684575A0065C21C /* Views */ = {
			isa = PBXGroup;
			children = (
				3B44EAA8268454650065C21C /* ContentView.swift */,
				3B44EAD8268457AF0065C21C /* GameView.swift */,
				3B44EADC26845D7B0065C21C /* GridView.swift */,
				3B44EADA26845D220065C21C /* CardView.swift */,
			);
			path = Views;
			sourceTree = "<group>";
		};
		438DEC982684F3D800AF9476 /* Helpers */ = {
			isa = PBXGroup;
			children = (
				438DEC992684F3E600AF9476 /* NSObject+emojiString.swift */,
			);
			path = Helpers;
			sourceTree = "<group>";
		};
/* End PBXGroup section */

/* Begin PBXNativeTarget section */
		3B44EAA2268454650065C21C /* Stanford-CS193p */ = {
			isa = PBXNativeTarget;
			buildConfigurationList = 3B44EACD268454670065C21C /* Build configuration list for PBXNativeTarget "Stanford-CS193p" */;
			buildPhases = (
				3B44EA9F268454650065C21C /* Sources */,
				3B44EAA0268454650065C21C /* Frameworks */,
				3B44EAA1268454650065C21C /* Resources */,
			);
			buildRules = (
			);
			dependencies = (
			);
			name = "Stanford-CS193p";
			productName = "Stanford-CS193p";
			productReference = 3B44EAA3268454650065C21C /* Stanford-CS193p.app */;
			productType = "com.apple.product-type.application";
		};
		3B44EAB8268454670065C21C /* Stanford-CS193pTests */ = {
			isa = PBXNativeTarget;
			buildConfigurationList = 3B44EAD0268454670065C21C /* Build configuration list for PBXNativeTarget "Stanford-CS193pTests" */;
			buildPhases = (
				3B44EAB5268454670065C21C /* Sources */,
				3B44EAB6268454670065C21C /* Frameworks */,
				3B44EAB7268454670065C21C /* Resources */,
			);
			buildRules = (
			);
			dependencies = (
				3B44EABB268454670065C21C /* PBXTargetDependency */,
			);
			name = "Stanford-CS193pTests";
			productName = "Stanford-CS193pTests";
			productReference = 3B44EAB9268454670065C21C /* Stanford-CS193pTests.xctest */;
			productType = "com.apple.product-type.bundle.unit-test";
		};
		3B44EAC3268454670065C21C /* Stanford-CS193pUITests */ = {
			isa = PBXNativeTarget;
			buildConfigurationList = 3B44EAD3268454670065C21C /* Build configuration list for PBXNativeTarget "Stanford-CS193pUITests" */;
			buildPhases = (
				3B44EAC0268454670065C21C /* Sources */,
				3B44EAC1268454670065C21C /* Frameworks */,
				3B44EAC2268454670065C21C /* Resources */,
			);
			buildRules = (
			);
			dependencies = (
				3B44EAC6268454670065C21C /* PBXTargetDependency */,
			);
			name = "Stanford-CS193pUITests";
			productName = "Stanford-CS193pUITests";
			productReference = 3B44EAC4268454670065C21C /* Stanford-CS193pUITests.xctest */;
			productType = "com.apple.product-type.bundle.ui-testing";
		};
/* End PBXNativeTarget section */

/* Begin PBXProject section */
		3B44EA9B268454650065C21C /* Project object */ = {
			isa = PBXProject;
			attributes = {
				LastSwiftUpdateCheck = 1250;
				LastUpgradeCheck = 1250;
				TargetAttributes = {
					3B44EAA2268454650065C21C = {
						CreatedOnToolsVersion = 12.5.1;
					};
					3B44EAB8268454670065C21C = {
						CreatedOnToolsVersion = 12.5.1;
						TestTargetID = 3B44EAA2268454650065C21C;
					};
					3B44EAC3268454670065C21C = {
						CreatedOnToolsVersion = 12.5.1;
						TestTargetID = 3B44EAA2268454650065C21C;
					};
				};
			};
			buildConfigurationList = 3B44EA9E268454650065C21C /* Build configuration list for PBXProject "Stanford-CS193p" */;
			compatibilityVersion = "Xcode 9.3";
			developmentRegion = en;
			hasScannedForEncodings = 0;
			knownRegions = (
				en,
				Base,
			);
			mainGroup = 3B44EA9A268454650065C21C;
			productRefGroup = 3B44EAA4268454650065C21C /* Products */;
			projectDirPath = "";
			projectRoot = "";
			targets = (
				3B44EAA2268454650065C21C /* Stanford-CS193p */,
				3B44EAB8268454670065C21C /* Stanford-CS193pTests */,
				3B44EAC3268454670065C21C /* Stanford-CS193pUITests */,
			);
		};
/* End PBXProject section */

/* Begin PBXResourcesBuildPhase section */
		3B44EAA1268454650065C21C /* Resources */ = {
			isa = PBXResourcesBuildPhase;
			buildActionMask = 2147483647;
			files = (
				3B44EAAE268454670065C21C /* Preview Assets.xcassets in Resources */,
				3B44EAAB268454670065C21C /* Assets.xcassets in Resources */,
			);
			runOnlyForDeploymentPostprocessing = 0;
		};
		3B44EAB7268454670065C21C /* Resources */ = {
			isa = PBXResourcesBuildPhase;
			buildActionMask = 2147483647;
			files = (
			);
			runOnlyForDeploymentPostprocessing = 0;
		};
		3B44EAC2268454670065C21C /* Resources */ = {
			isa = PBXResourcesBuildPhase;
			buildActionMask = 2147483647;
			files = (
			);
			runOnlyForDeploymentPostprocessing = 0;
		};
/* End PBXResourcesBuildPhase section */

/* Begin PBXSourcesBuildPhase section */
		3B44EA9F268454650065C21C /* Sources */ = {
			isa = PBXSourcesBuildPhase;
			buildActionMask = 2147483647;
			files = (
				3B44EAB0268454670065C21C /* Persistence.swift in Sources */,
				3B44EAA9268454650065C21C /* ContentView.swift in Sources */,
				3B44EAA7268454650065C21C /* Stanford_CS193pApp.swift in Sources */,
				438DEC9A2684F3E600AF9476 /* NSObject+emojiString.swift in Sources */,
				3B44EADD26845D7B0065C21C /* GridView.swift in Sources */,
				3B44EAB3268454670065C21C /* Stanford_CS193p.xcdatamodeld in Sources */,
				3B44EADB26845D220065C21C /* CardView.swift in Sources */,
				3B44EAD9268457AF0065C21C /* GameView.swift in Sources */,
			);
			runOnlyForDeploymentPostprocessing = 0;
		};
		3B44EAB5268454670065C21C /* Sources */ = {
			isa = PBXSourcesBuildPhase;
			buildActionMask = 2147483647;
			files = (
				3B44EABE268454670065C21C /* Stanford_CS193pTests.swift in Sources */,
			);
			runOnlyForDeploymentPostprocessing = 0;
		};
		3B44EAC0268454670065C21C /* Sources */ = {
			isa = PBXSourcesBuildPhase;
			buildActionMask = 2147483647;
			files = (
				3B44EAC9268454670065C21C /* Stanford_CS193pUITests.swift in Sources */,
			);
			runOnlyForDeploymentPostprocessing = 0;
		};
/* End PBXSourcesBuildPhase section */

/* Begin PBXTargetDependency section */
		3B44EABB268454670065C21C /* PBXTargetDependency */ = {
			isa = PBXTargetDependency;
			target = 3B44EAA2268454650065C21C /* Stanford-CS193p */;
			targetProxy = 3B44EABA268454670065C21C /* PBXContainerItemProxy */;
		};
		3B44EAC6268454670065C21C /* PBXTargetDependency */ = {
			isa = PBXTargetDependency;
			target = 3B44EAA2268454650065C21C /* Stanford-CS193p */;
			targetProxy = 3B44EAC5268454670065C21C /* PBXContainerItemProxy */;
		};
/* End PBXTargetDependency section */

/* Begin XCBuildConfiguration section */
		3B44EACB268454670065C21C /* Debug */ = {
			isa = XCBuildConfiguration;
			buildSettings = {
				ALWAYS_SEARCH_USER_PATHS = NO;
				CLANG_ANALYZER_NONNULL = YES;
				CLANG_ANALYZER_NUMBER_OBJECT_CONVERSION = YES_AGGRESSIVE;
				CLANG_CXX_LANGUAGE_STANDARD = "gnu++14";
				CLANG_CXX_LIBRARY = "libc++";
				CLANG_ENABLE_MODULES = YES;
				CLANG_ENABLE_OBJC_ARC = YES;
				CLANG_ENABLE_OBJC_WEAK = YES;
				CLANG_WARN_BLOCK_CAPTURE_AUTORELEASING = YES;
				CLANG_WARN_BOOL_CONVERSION = YES;
				CLANG_WARN_COMMA = YES;
				CLANG_WARN_CONSTANT_CONVERSION = YES;
				CLANG_WARN_DEPRECATED_OBJC_IMPLEMENTATIONS = YES;
				CLANG_WARN_DIRECT_OBJC_ISA_USAGE = YES_ERROR;
				CLANG_WARN_DOCUMENTATION_COMMENTS = YES;
				CLANG_WARN_EMPTY_BODY = YES;
				CLANG_WARN_ENUM_CONVERSION = YES;
				CLANG_WARN_INFINITE_RECURSION = YES;
				CLANG_WARN_INT_CONVERSION = YES;
				CLANG_WARN_NON_LITERAL_NULL_CONVERSION = YES;
				CLANG_WARN_OBJC_IMPLICIT_RETAIN_SELF = YES;
				CLANG_WARN_OBJC_LITERAL_CONVERSION = YES;
				CLANG_WARN_OBJC_ROOT_CLASS = YES_ERROR;
				CLANG_WARN_QUOTED_INCLUDE_IN_FRAMEWORK_HEADER = YES;
				CLANG_WARN_RANGE_LOOP_ANALYSIS = YES;
				CLANG_WARN_STRICT_PROTOTYPES = YES;
				CLANG_WARN_SUSPICIOUS_MOVE = YES;
				CLANG_WARN_UNGUARDED_AVAILABILITY = YES_AGGRESSIVE;
				CLANG_WARN_UNREACHABLE_CODE = YES;
				CLANG_WARN__DUPLICATE_METHOD_MATCH = YES;
				COPY_PHASE_STRIP = NO;
				DEBUG_INFORMATION_FORMAT = dwarf;
				ENABLE_STRICT_OBJC_MSGSEND = YES;
				ENABLE_TESTABILITY = YES;
				GCC_C_LANGUAGE_STANDARD = gnu11;
				GCC_DYNAMIC_NO_PIC = NO;
				GCC_NO_COMMON_BLOCKS = YES;
				GCC_OPTIMIZATION_LEVEL = 0;
				GCC_PREPROCESSOR_DEFINITIONS = (
					"DEBUG=1",
					"$(inherited)",
				);
				GCC_WARN_64_TO_32_BIT_CONVERSION = YES;
				GCC_WARN_ABOUT_RETURN_TYPE = YES_ERROR;
				GCC_WARN_UNDECLARED_SELECTOR = YES;
				GCC_WARN_UNINITIALIZED_AUTOS = YES_AGGRESSIVE;
				GCC_WARN_UNUSED_FUNCTION = YES;
				GCC_WARN_UNUSED_VARIABLE = YES;
				IPHONEOS_DEPLOYMENT_TARGET = 14.5;
				MTL_ENABLE_DEBUG_INFO = INCLUDE_SOURCE;
				MTL_FAST_MATH = YES;
				ONLY_ACTIVE_ARCH = YES;
				SDKROOT = iphoneos;
				SWIFT_ACTIVE_COMPILATION_CONDITIONS = DEBUG;
				SWIFT_OPTIMIZATION_LEVEL = "-Onone";
			};
			name = Debug;
		};
		3B44EACC268454670065C21C /* Release */ = {
			isa = XCBuildConfiguration;
			buildSettings = {
				ALWAYS_SEARCH_USER_PATHS = NO;
				CLANG_ANALYZER_NONNULL = YES;
				CLANG_ANALYZER_NUMBER_OBJECT_CONVERSION = YES_AGGRESSIVE;
				CLANG_CXX_LANGUAGE_STANDARD = "gnu++14";
				CLANG_CXX_LIBRARY = "libc++";
				CLANG_ENABLE_MODULES = YES;
				CLANG_ENABLE_OBJC_ARC = YES;
				CLANG_ENABLE_OBJC_WEAK = YES;
				CLANG_WARN_BLOCK_CAPTURE_AUTORELEASING = YES;
				CLANG_WARN_BOOL_CONVERSION = YES;
				CLANG_WARN_COMMA = YES;
				CLANG_WARN_CONSTANT_CONVERSION = YES;
				CLANG_WARN_DEPRECATED_OBJC_IMPLEMENTATIONS = YES;
				CLANG_WARN_DIRECT_OBJC_ISA_USAGE = YES_ERROR;
				CLANG_WARN_DOCUMENTATION_COMMENTS = YES;
				CLANG_WARN_EMPTY_BODY = YES;
				CLANG_WARN_ENUM_CONVERSION = YES;
				CLANG_WARN_INFINITE_RECURSION = YES;
				CLANG_WARN_INT_CONVERSION = YES;
				CLANG_WARN_NON_LITERAL_NULL_CONVERSION = YES;
				CLANG_WARN_OBJC_IMPLICIT_RETAIN_SELF = YES;
				CLANG_WARN_OBJC_LITERAL_CONVERSION = YES;
				CLANG_WARN_OBJC_ROOT_CLASS = YES_ERROR;
				CLANG_WARN_QUOTED_INCLUDE_IN_FRAMEWORK_HEADER = YES;
				CLANG_WARN_RANGE_LOOP_ANALYSIS = YES;
				CLANG_WARN_STRICT_PROTOTYPES = YES;
				CLANG_WARN_SUSPICIOUS_MOVE = YES;
				CLANG_WARN_UNGUARDED_AVAILABILITY = YES_AGGRESSIVE;
				CLANG_WARN_UNREACHABLE_CODE = YES;
				CLANG_WARN__DUPLICATE_METHOD_MATCH = YES;
				COPY_PHASE_STRIP = NO;
				DEBUG_INFORMATION_FORMAT = "dwarf-with-dsym";
				ENABLE_NS_ASSERTIONS = NO;
				ENABLE_STRICT_OBJC_MSGSEND = YES;
				GCC_C_LANGUAGE_STANDARD = gnu11;
				GCC_NO_COMMON_BLOCKS = YES;
				GCC_WARN_64_TO_32_BIT_CONVERSION = YES;
				GCC_WARN_ABOUT_RETURN_TYPE = YES_ERROR;
				GCC_WARN_UNDECLARED_SELECTOR = YES;
				GCC_WARN_UNINITIALIZED_AUTOS = YES_AGGRESSIVE;
				GCC_WARN_UNUSED_FUNCTION = YES;
				GCC_WARN_UNUSED_VARIABLE = YES;
				IPHONEOS_DEPLOYMENT_TARGET = 14.5;
				MTL_ENABLE_DEBUG_INFO = NO;
				MTL_FAST_MATH = YES;
				SDKROOT = iphoneos;
				SWIFT_COMPILATION_MODE = wholemodule;
				SWIFT_OPTIMIZATION_LEVEL = "-O";
				VALIDATE_PRODUCT = YES;
			};
			name = Release;
		};
		3B44EACE268454670065C21C /* Debug */ = {
			isa = XCBuildConfiguration;
			buildSettings = {
				ASSETCATALOG_COMPILER_APPICON_NAME = AppIcon;
				ASSETCATALOG_COMPILER_GLOBAL_ACCENT_COLOR_NAME = AccentColor;
				CODE_SIGN_STYLE = Automatic;
				DEVELOPMENT_ASSET_PATHS = "\"Stanford-CS193p/Preview Content\"";
				DEVELOPMENT_TEAM = FC879XM38Z;
				ENABLE_PREVIEWS = YES;
				INFOPLIST_FILE = "Stanford-CS193p/Info.plist";
				IPHONEOS_DEPLOYMENT_TARGET = 14.0;
				LD_RUNPATH_SEARCH_PATHS = (
					"$(inherited)",
					"@executable_path/Frameworks",
				);
				PRODUCT_BUNDLE_IDENTIFIER = "com.jianyuanchen.tutorial.Stanford-CS193p";
				PRODUCT_NAME = "$(TARGET_NAME)";
				SWIFT_VERSION = 5.0;
				TARGETED_DEVICE_FAMILY = "1,2";
			};
			name = Debug;
		};
		3B44EACF268454670065C21C /* Release */ = {
			isa = XCBuildConfiguration;
			buildSettings = {
				ASSETCATALOG_COMPILER_APPICON_NAME = AppIcon;
				ASSETCATALOG_COMPILER_GLOBAL_ACCENT_COLOR_NAME = AccentColor;
				CODE_SIGN_STYLE = Automatic;
				DEVELOPMENT_ASSET_PATHS = "\"Stanford-CS193p/Preview Content\"";
				DEVELOPMENT_TEAM = FC879XM38Z;
				ENABLE_PREVIEWS = YES;
				INFOPLIST_FILE = "Stanford-CS193p/Info.plist";
				IPHONEOS_DEPLOYMENT_TARGET = 14.0;
				LD_RUNPATH_SEARCH_PATHS = (
					"$(inherited)",
					"@executable_path/Frameworks",
				);
				PRODUCT_BUNDLE_IDENTIFIER = "com.jianyuanchen.tutorial.Stanford-CS193p";
				PRODUCT_NAME = "$(TARGET_NAME)";
				SWIFT_VERSION = 5.0;
				TARGETED_DEVICE_FAMILY = "1,2";
			};
			name = Release;
		};
		3B44EAD1268454670065C21C /* Debug */ = {
			isa = XCBuildConfiguration;
			buildSettings = {
				ALWAYS_EMBED_SWIFT_STANDARD_LIBRARIES = YES;
				BUNDLE_LOADER = "$(TEST_HOST)";
				CODE_SIGN_STYLE = Automatic;
				DEVELOPMENT_TEAM = FC879XM38Z;
				INFOPLIST_FILE = "Stanford-CS193pTests/Info.plist";
				IPHONEOS_DEPLOYMENT_TARGET = 14.0;
				LD_RUNPATH_SEARCH_PATHS = (
					"$(inherited)",
					"@executable_path/Frameworks",
					"@loader_path/Frameworks",
				);
				PRODUCT_BUNDLE_IDENTIFIER = "com.jianyuanchen.tutorial.Stanford-CS193pTests";
				PRODUCT_NAME = "$(TARGET_NAME)";
				SWIFT_VERSION = 5.0;
				TARGETED_DEVICE_FAMILY = "1,2";
				TEST_HOST = "$(BUILT_PRODUCTS_DIR)/Stanford-CS193p.app/Stanford-CS193p";
			};
			name = Debug;
		};
		3B44EAD2268454670065C21C /* Release */ = {
			isa = XCBuildConfiguration;
			buildSettings = {
				ALWAYS_EMBED_SWIFT_STANDARD_LIBRARIES = YES;
				BUNDLE_LOADER = "$(TEST_HOST)";
				CODE_SIGN_STYLE = Automatic;
				DEVELOPMENT_TEAM = FC879XM38Z;
				INFOPLIST_FILE = "Stanford-CS193pTests/Info.plist";
				IPHONEOS_DEPLOYMENT_TARGET = 14.0;
				LD_RUNPATH_SEARCH_PATHS = (
					"$(inherited)",
					"@executable_path/Frameworks",
					"@loader_path/Frameworks",
				);
				PRODUCT_BUNDLE_IDENTIFIER = "com.jianyuanchen.tutorial.Stanford-CS193pTests";
				PRODUCT_NAME = "$(TARGET_NAME)";
				SWIFT_VERSION = 5.0;
				TARGETED_DEVICE_FAMILY = "1,2";
				TEST_HOST = "$(BUILT_PRODUCTS_DIR)/Stanford-CS193p.app/Stanford-CS193p";
			};
			name = Release;
		};
		3B44EAD4268454670065C21C /* Debug */ = {
			isa = XCBuildConfiguration;
			buildSettings = {
				ALWAYS_EMBED_SWIFT_STANDARD_LIBRARIES = YES;
				CODE_SIGN_STYLE = Automatic;
				DEVELOPMENT_TEAM = FC879XM38Z;
				INFOPLIST_FILE = "Stanford-CS193pUITests/Info.plist";
				LD_RUNPATH_SEARCH_PATHS = (
					"$(inherited)",
					"@executable_path/Frameworks",
					"@loader_path/Frameworks",
				);
				PRODUCT_BUNDLE_IDENTIFIER = "com.jianyuanchen.tutorial.Stanford-CS193pUITests";
				PRODUCT_NAME = "$(TARGET_NAME)";
				SWIFT_VERSION = 5.0;
				TARGETED_DEVICE_FAMILY = "1,2";
				TEST_TARGET_NAME = "Stanford-CS193p";
			};
			name = Debug;
		};
		3B44EAD5268454670065C21C /* Release */ = {
			isa = XCBuildConfiguration;
			buildSettings = {
				ALWAYS_EMBED_SWIFT_STANDARD_LIBRARIES = YES;
				CODE_SIGN_STYLE = Automatic;
				DEVELOPMENT_TEAM = FC879XM38Z;
				INFOPLIST_FILE = "Stanford-CS193pUITests/Info.plist";
				LD_RUNPATH_SEARCH_PATHS = (
					"$(inherited)",
					"@executable_path/Frameworks",
					"@loader_path/Frameworks",
				);
				PRODUCT_BUNDLE_IDENTIFIER = "com.jianyuanchen.tutorial.Stanford-CS193pUITests";
				PRODUCT_NAME = "$(TARGET_NAME)";
				SWIFT_VERSION = 5.0;
				TARGETED_DEVICE_FAMILY = "1,2";
				TEST_TARGET_NAME = "Stanford-CS193p";
			};
			name = Release;
		};
/* End XCBuildConfiguration section */

/* Begin XCConfigurationList section */
		3B44EA9E268454650065C21C /* Build configuration list for PBXProject "Stanford-CS193p" */ = {
			isa = XCConfigurationList;
			buildConfigurations = (
				3B44EACB268454670065C21C /* Debug */,
				3B44EACC268454670065C21C /* Release */,
			);
			defaultConfigurationIsVisible = 0;
			defaultConfigurationName = Release;
		};
		3B44EACD268454670065C21C /* Build configuration list for PBXNativeTarget "Stanford-CS193p" */ = {
			isa = XCConfigurationList;
			buildConfigurations = (
				3B44EACE268454670065C21C /* Debug */,
				3B44EACF268454670065C21C /* Release */,
			);
			defaultConfigurationIsVisible = 0;
			defaultConfigurationName = Release;
		};
		3B44EAD0268454670065C21C /* Build configuration list for PBXNativeTarget "Stanford-CS193pTests" */ = {
			isa = XCConfigurationList;
			buildConfigurations = (
				3B44EAD1268454670065C21C /* Debug */,
				3B44EAD2268454670065C21C /* Release */,
			);
			defaultConfigurationIsVisible = 0;
			defaultConfigurationName = Release;
		};
		3B44EAD3268454670065C21C /* Build configuration list for PBXNativeTarget "Stanford-CS193pUITests" */ = {
			isa = XCConfigurationList;
			buildConfigurations = (
				3B44EAD4268454670065C21C /* Debug */,
				3B44EAD5268454670065C21C /* Release */,
			);
			defaultConfigurationIsVisible = 0;
			defaultConfigurationName = Release;
		};
/* End XCConfigurationList section */

/* Begin XCVersionGroup section */
		3B44EAB1268454670065C21C /* Stanford_CS193p.xcdatamodeld */ = {
			isa = XCVersionGroup;
			children = (
				3B44EAB2268454670065C21C /* Stanford_CS193p.xcdatamodel */,
			);
			currentVersion = 3B44EAB2268454670065C21C /* Stanford_CS193p.xcdatamodel */;
			path = Stanford_CS193p.xcdatamodeld;
			sourceTree = "<group>";
			versionGroupType = wrapper.xcdatamodel;
		};
/* End XCVersionGroup section */
	};
	rootObject = 3B44EA9B268454650065C21C /* Project object */;
}
